<?xml version="1.0" encoding="utf-8"?>
<Project ToolsVersion="4.0" xmlns="http://schemas.microsoft.com/developer/msbuild/2003">
  <ItemGroup>
    <Filter Include="Source Files">
      <UniqueIdentifier>{4FC737F1-C7A5-4376-A066-2A32D752A2FF}</UniqueIdentifier>
      <Extensions>cpp;c;cc;cxx;def;odl;idl;hpj;bat;asm;asmx</Extensions>
    </Filter>
    <Filter Include="Header Files">
      <UniqueIdentifier>{93995380-89BD-4b04-88EB-625FBE52EBFB}</UniqueIdentifier>
      <Extensions>h;hh;hpp;hxx;hm;inl;inc;xsd</Extensions>
    </Filter>
    <Filter Include="Resource Files">
      <UniqueIdentifier>{67DA6AB6-F800-4c08-8B7A-83BB121AAD01}</UniqueIdentifier>
      <Extensions>rc;ico;cur;bmp;dlg;rc2;rct;bin;rgs;gif;jpg;jpeg;jpe;resx;tiff;tif;png;wav;mfcribbon-ms</Extensions>
    </Filter>
  </ItemGroup>
  <ItemGroup>
    <ClCompile Include="..\GenialServerLibrary\Network\GConnector.cpp">
      <Filter>Source Files</Filter>
    </ClCompile>
    <ClCompile Include="..\GenialServerLibrary\Network\GListener.cpp">
      <Filter>Source Files</Filter>
    </ClCompile>
    <ClCompile Include="..\GenialServerLibrary\Network\GNetworkManager.cpp">
      <Filter>Source Files</Filter>
    </ClCompile>
    <ClCompile Include="..\GenialServerLibrary\Network\GPacketBuffer.cpp">
      <Filter>Source Files</Filter>
    </ClCompile>
    <ClCompile Include="..\GenialServerLibrary\Network\GSendBuffer.cpp">
      <Filter>Source Files</Filter>
    </ClCompile>
    <ClCompile Include="..\GenialServerLibrary\Network\GSession.cpp">
      <Filter>Source Files</Filter>
    </ClCompile>
    <ClCompile Include="..\GenialServerLibrary\Network\GSocket.cpp">
      <Filter>Source Files</Filter>
    </ClCompile>
    <ClCompile Include="..\GenialServerLibrary\Utility\GRWLock.cpp">
      <Filter>Source Files</Filter>
    </ClCompile>
    <ClCompile Include="..\GenialServerLibrary\Utility\GTimer.cpp">
      <Filter>Source Files</Filter>
    </ClCompile>
    <ClCompile Include="TestClient.cpp">
      <Filter>Source Files</Filter>
    </ClCompile>
  </ItemGroup>
  <ItemGroup>
    <ClInclude Include="..\GenialServerLibrary\Network\GConnector.h">
      <Filter>Header Files</Filter>
    </ClInclude>
    <ClInclude Include="..\GenialServerLibrary\Network\GEventBinder.h">
      <Filter>Header Files</Filter>
    </ClInclude>
    <ClInclude Include="..\GenialServerLibrary\Network\GListener.h">
      <Filter>Header Files</Filter>
    </ClInclude>
    <ClInclude Include="..\GenialServerLibrary\Network\GNetworkGlobal.h">
      <Filter>Header Files</Filter>
    </ClInclude>
    <ClInclude Include="..\GenialServerLibrary\Network\GNetworkManager.h">
      <Filter>Header Files</Filter>
    </ClInclude>
    <ClInclude Include="..\GenialServerLibrary\Network\GPacketBuffer.h">
      <Filter>Header Files</Filter>
    </ClInclude>
    <ClInclude Include="..\GenialServerLibrary\Network\GSendBuffer.h">
      <Filter>Header Files</Filter>
    </ClInclude>
    <ClInclude Include="..\GenialServerLibrary\Network\GSession.h">
      <Filter>Header Files</Filter>
    </ClInclude>
    <ClInclude Include="..\GenialServerLibrary\Network\GSocket.h">
      <Filter>Header Files</Filter>
    </ClInclude>
    <ClInclude Include="..\GenialServerLibrary\Utility\GLogger.h">
      <Filter>Header Files</Filter>
    </ClInclude>
    <ClInclude Include="..\GenialServerLibrary\Utility\GRWLock.h">
      <Filter>Header Files</Filter>
    </ClInclude>
    <ClInclude Include="..\GenialServerLibrary\Utility\GTimer.h">
      <Filter>Header Files</Filter>
    </ClInclude>
  </ItemGroup>
</Project>